// !$*UTF8*$!
{
	archiveVersion = 1;
	classes = {
	};
	objectVersion = 48;
	objects = {

/* Begin PBXBuildFile section */
		AF077E3B2017F74F0040D2DE /* VerifyPINViewController.swift in Sources */ = {isa = PBXBuildFile; fileRef = AF077E3A2017F74F0040D2DE /* VerifyPINViewController.swift */; };
		AF21DDDD2020494B006543C1 /* Icons.xcassets in Resources */ = {isa = PBXBuildFile; fileRef = AF21DDDC2020494B006543C1 /* Icons.xcassets */; };
		AF21DDDF20204955006543C1 /* Icon.swift in Sources */ = {isa = PBXBuildFile; fileRef = AF21DDDE20204955006543C1 /* Icon.swift */; };
		AF307BB72018148600145C18 /* UIViewControllerExtension.swift in Sources */ = {isa = PBXBuildFile; fileRef = AF307BB62018148600145C18 /* UIViewControllerExtension.swift */; };
		AF307BB9201815D900145C18 /* VerifyPINViewController.storyboard in Resources */ = {isa = PBXBuildFile; fileRef = AF307BB8201815D900145C18 /* VerifyPINViewController.storyboard */; };
		AF337A27201C010E004F8EF0 /* EventDetailViewController.storyboard in Resources */ = {isa = PBXBuildFile; fileRef = AF337A26201C010E004F8EF0 /* EventDetailViewController.storyboard */; };
		AF397A78201AF0E4008E6969 /* EventAnnotationView.swift in Sources */ = {isa = PBXBuildFile; fileRef = AF397A77201AF0E4008E6969 /* EventAnnotationView.swift */; };
		AF49147920252DDC0055A275 /* SettingsViewController.swift in Sources */ = {isa = PBXBuildFile; fileRef = AF49147820252DDC0055A275 /* SettingsViewController.swift */; };
		AF49147B20252E0A0055A275 /* SettingsViewController.storyboard in Resources */ = {isa = PBXBuildFile; fileRef = AF49147A20252E0A0055A275 /* SettingsViewController.storyboard */; };
		AF6870C5202536D200009451 /* ProvideFeedbackPage.swift in Sources */ = {isa = PBXBuildFile; fileRef = AF6870C4202536D200009451 /* ProvideFeedbackPage.swift */; };
		AF78CC45201AE60B007193CC /* EventAnnotation.swift in Sources */ = {isa = PBXBuildFile; fileRef = AF78CC44201AE60B007193CC /* EventAnnotation.swift */; };
		AF822B5E2019317300443157 /* MGLCoordinateBounds+GeoBox.swift in Sources */ = {isa = PBXBuildFile; fileRef = AF822B5D2019317300443157 /* MGLCoordinateBounds+GeoBox.swift */; };
		AF822B602019326300443157 /* NotificationAccessPage.swift in Sources */ = {isa = PBXBuildFile; fileRef = AF822B5F2019326300443157 /* NotificationAccessPage.swift */; };
		AF89DEBD201D6AFB00866FF9 /* libsqlite3.tbd in Frameworks */ = {isa = PBXBuildFile; fileRef = AF89DEBC201D6AFA00866FF9 /* libsqlite3.tbd */; };
		AF89DEE4201D6D3600866FF9 /* Mapbox.framework in Embed Frameworks */ = {isa = PBXBuildFile; fileRef = AF89DEE1201D6D2F00866FF9 /* Mapbox.framework */; settings = {ATTRIBUTES = (CodeSignOnCopy, RemoveHeadersOnCopy, ); }; };
		AF89DEE7201D6D7C00866FF9 /* AudioToolbox.framework in Frameworks */ = {isa = PBXBuildFile; fileRef = AF89DEBA201D6AF500866FF9 /* AudioToolbox.framework */; };
		AF89DEE8201D6D8300866FF9 /* SystemConfiguration.framework in Frameworks */ = {isa = PBXBuildFile; fileRef = AF87E539201D69EA0015CE1C /* SystemConfiguration.framework */; };
		AF95B7232022E0C9004D9C7E /* ViewImageViewController.swift in Sources */ = {isa = PBXBuildFile; fileRef = AF95B7222022E0C9004D9C7E /* ViewImageViewController.swift */; };
		AF95B7262022E104004D9C7E /* ViewImageViewController.storyboard in Resources */ = {isa = PBXBuildFile; fileRef = AF95B7252022E104004D9C7E /* ViewImageViewController.storyboard */; };
		AF9C7C772019B2350040BF13 /* LocationAccessPage.swift in Sources */ = {isa = PBXBuildFile; fileRef = AF9C7C762019B2350040BF13 /* LocationAccessPage.swift */; };
		AF9C7C7B2019C0B70040BF13 /* WalkthroughViewControllerPagingManager.swift in Sources */ = {isa = PBXBuildFile; fileRef = AF9C7C7A2019C0B70040BF13 /* WalkthroughViewControllerPagingManager.swift */; };
		AF9C7C7D2019C1A10040BF13 /* MapViewController.swift in Sources */ = {isa = PBXBuildFile; fileRef = AF9C7C7C2019C1A10040BF13 /* MapViewController.swift */; };
		AF9C7C7F2019C1AD0040BF13 /* MapViewController.storyboard in Resources */ = {isa = PBXBuildFile; fileRef = AF9C7C7E2019C1AD0040BF13 /* MapViewController.storyboard */; };
		AF9C7C83201AA74B0040BF13 /* MapViewControllerMapManager.swift in Sources */ = {isa = PBXBuildFile; fileRef = AF9C7C82201AA74B0040BF13 /* MapViewControllerMapManager.swift */; };
		AFA03D4C2015AF9F0033A87B /* SplashScreenViewController.storyboard in Resources */ = {isa = PBXBuildFile; fileRef = AFA03D4B2015AF9F0033A87B /* SplashScreenViewController.storyboard */; };
		AFA825CF2025825300CE29BE /* MGLMapView+ClusterKit.m in Sources */ = {isa = PBXBuildFile; fileRef = AFA825CD2025825300CE29BE /* MGLMapView+ClusterKit.m */; };
		AFA82603202591F700CE29BE /* SnapKit.framework in Frameworks */ = {isa = PBXBuildFile; fileRef = AFA825C82025824100CE29BE /* SnapKit.framework */; };
		AFA82604202591F700CE29BE /* SnapKit.framework in Embed Frameworks */ = {isa = PBXBuildFile; fileRef = AFA825C82025824100CE29BE /* SnapKit.framework */; settings = {ATTRIBUTES = (CodeSignOnCopy, RemoveHeadersOnCopy, ); }; };
		AFA826092025935900CE29BE /* Bolts.framework in Frameworks */ = {isa = PBXBuildFile; fileRef = AFA825C92025824100CE29BE /* Bolts.framework */; };
		AFA8260A2025935900CE29BE /* Parse.framework in Frameworks */ = {isa = PBXBuildFile; fileRef = AFA825C72025824100CE29BE /* Parse.framework */; };
		AFA8260B2025937000CE29BE /* Instabug.framework in Frameworks */ = {isa = PBXBuildFile; fileRef = AFA825BE20257FBE00CE29BE /* Instabug.framework */; };
		AFA8260C2025937000CE29BE /* InstabugCore.framework in Frameworks */ = {isa = PBXBuildFile; fileRef = AFA825BD20257FBD00CE29BE /* InstabugCore.framework */; };
		AFA8260E2025938E00CE29BE /* Instabug.framework in Embed Frameworks */ = {isa = PBXBuildFile; fileRef = AFA825BE20257FBE00CE29BE /* Instabug.framework */; settings = {ATTRIBUTES = (CodeSignOnCopy, RemoveHeadersOnCopy, ); }; };
		AFA826102025938E00CE29BE /* InstabugCore.framework in Embed Frameworks */ = {isa = PBXBuildFile; fileRef = AFA825BD20257FBD00CE29BE /* InstabugCore.framework */; settings = {ATTRIBUTES = (CodeSignOnCopy, RemoveHeadersOnCopy, ); }; };
		AFA82611202593C500CE29BE /* Core.framework in Frameworks */ = {isa = PBXBuildFile; fileRef = AF89DEC0201D6AFE00866FF9 /* Core.framework */; };
		AFA82612202593C500CE29BE /* UI.framework in Frameworks */ = {isa = PBXBuildFile; fileRef = AF89DEC1201D6AFE00866FF9 /* UI.framework */; };
		AFA82613202593DF00CE29BE /* Core.framework in Frameworks */ = {isa = PBXBuildFile; fileRef = AF89DEC0201D6AFE00866FF9 /* Core.framework */; };
		AFA82614202593DF00CE29BE /* Core.framework in Embed Frameworks */ = {isa = PBXBuildFile; fileRef = AF89DEC0201D6AFE00866FF9 /* Core.framework */; settings = {ATTRIBUTES = (CodeSignOnCopy, RemoveHeadersOnCopy, ); }; };
		AFA82615202593DF00CE29BE /* UI.framework in Frameworks */ = {isa = PBXBuildFile; fileRef = AF89DEC1201D6AFE00866FF9 /* UI.framework */; };
		AFA82616202593DF00CE29BE /* UI.framework in Embed Frameworks */ = {isa = PBXBuildFile; fileRef = AF89DEC1201D6AFE00866FF9 /* UI.framework */; settings = {ATTRIBUTES = (CodeSignOnCopy, RemoveHeadersOnCopy, ); }; };
		AFAD531A201840E500795D69 /* WalkthroughViewController.swift in Sources */ = {isa = PBXBuildFile; fileRef = AFAD5319201840E500795D69 /* WalkthroughViewController.swift */; };
		AFAD531C201841C300795D69 /* Map.swift in Sources */ = {isa = PBXBuildFile; fileRef = AFAD531B201841C300795D69 /* Map.swift */; };
		AFAD532220184BF500795D69 /* WalkthroughViewController.storyboard in Resources */ = {isa = PBXBuildFile; fileRef = AFAD532120184BF500795D69 /* WalkthroughViewController.storyboard */; };
		AFAE91C6201E67020034B7FD /* ClusterKit.framework in Embed Frameworks */ = {isa = PBXBuildFile; fileRef = AF89DEE5201D6D5800866FF9 /* ClusterKit.framework */; settings = {ATTRIBUTES = (CodeSignOnCopy, RemoveHeadersOnCopy, ); }; };
		AFBEB4EE201C03CF0025D5EF /* EventDetailViewController.swift in Sources */ = {isa = PBXBuildFile; fileRef = AFBEB4ED201C03CF0025D5EF /* EventDetailViewController.swift */; };
		AFD19E60202395E900D3BA49 /* ViewProfileViewController.storyboard in Resources */ = {isa = PBXBuildFile; fileRef = AFD19E5F202395E900D3BA49 /* ViewProfileViewController.storyboard */; };
		AFD19E622023962600D3BA49 /* ViewProfileViewController.swift in Sources */ = {isa = PBXBuildFile; fileRef = AFD19E612023962600D3BA49 /* ViewProfileViewController.swift */; };
		AFD19E642023B1B100D3BA49 /* VisitCell.swift in Sources */ = {isa = PBXBuildFile; fileRef = AFD19E632023B1B100D3BA49 /* VisitCell.swift */; };
		AFDF0C7A20159C5000B04C8E /* AppDelegate.swift in Sources */ = {isa = PBXBuildFile; fileRef = AFDF0C7920159C5000B04C8E /* AppDelegate.swift */; };
		AFDF0C8120159C5100B04C8E /* Colors.xcassets in Resources */ = {isa = PBXBuildFile; fileRef = AFDF0C8020159C5100B04C8E /* Colors.xcassets */; };
		AFDF0C8420159C5100B04C8E /* LaunchScreen.storyboard in Resources */ = {isa = PBXBuildFile; fileRef = AFDF0C8220159C5100B04C8E /* LaunchScreen.storyboard */; };
		AFEC3A5E2017AC8400375989 /* Strings.swift in Sources */ = {isa = PBXBuildFile; fileRef = AFEC3A5D2017AC8400375989 /* Strings.swift */; };
		AFFD986F201BE013006F40FE /* EventClusterAnnotationView.swift in Sources */ = {isa = PBXBuildFile; fileRef = AFFD986E201BE013006F40FE /* EventClusterAnnotationView.swift */; };
		AFFDD56E2016B73E00FC1058 /* ViewControllerMakeable.swift in Sources */ = {isa = PBXBuildFile; fileRef = AFFDD56D2016B73E00FC1058 /* ViewControllerMakeable.swift */; };
		AFFDD5752016B80000FC1058 /* SplashScreenViewController.swift in Sources */ = {isa = PBXBuildFile; fileRef = AFFDD5742016B80000FC1058 /* SplashScreenViewController.swift */; };
		AFFDD57D201700D700FC1058 /* UIAlertAction Extension.swift in Sources */ = {isa = PBXBuildFile; fileRef = AFFDD57C201700D700FC1058 /* UIAlertAction Extension.swift */; };
/* End PBXBuildFile section */

/* Begin PBXContainerItemProxy section */
		AFDF0C8B20159C5100B04C8E /* PBXContainerItemProxy */ = {
			isa = PBXContainerItemProxy;
			containerPortal = AFDF0C6E20159C5000B04C8E /* Project object */;
			proxyType = 1;
			remoteGlobalIDString = AFDF0C7520159C5000B04C8E;
			remoteInfo = App;
		};
		AFDF0C9620159C5100B04C8E /* PBXContainerItemProxy */ = {
			isa = PBXContainerItemProxy;
			containerPortal = AFDF0C6E20159C5000B04C8E /* Project object */;
			proxyType = 1;
			remoteGlobalIDString = AFDF0C7520159C5000B04C8E;
			remoteInfo = App;
		};
/* End PBXContainerItemProxy section */

/* Begin PBXCopyFilesBuildPhase section */
		AFDF0CB22015AC4100B04C8E /* Embed Frameworks */ = {
			isa = PBXCopyFilesBuildPhase;
			buildActionMask = 2147483647;
			dstPath = "";
			dstSubfolderSpec = 10;
			files = (
				AFAE91C6201E67020034B7FD /* ClusterKit.framework in Embed Frameworks */,
				AFA82614202593DF00CE29BE /* Core.framework in Embed Frameworks */,
				AFA82604202591F700CE29BE /* SnapKit.framework in Embed Frameworks */,
				AFA8260E2025938E00CE29BE /* Instabug.framework in Embed Frameworks */,
				AFA826102025938E00CE29BE /* InstabugCore.framework in Embed Frameworks */,
				AF89DEE4201D6D3600866FF9 /* Mapbox.framework in Embed Frameworks */,
				AFA82616202593DF00CE29BE /* UI.framework in Embed Frameworks */,
			);
			name = "Embed Frameworks";
			runOnlyForDeploymentPostprocessing = 0;
		};
/* End PBXCopyFilesBuildPhase section */

/* Begin PBXFileReference section */
		AF077E3A2017F74F0040D2DE /* VerifyPINViewController.swift */ = {isa = PBXFileReference; lastKnownFileType = sourcecode.swift; path = VerifyPINViewController.swift; sourceTree = "<group>"; };
		AF21DDDC2020494B006543C1 /* Icons.xcassets */ = {isa = PBXFileReference; lastKnownFileType = folder.assetcatalog; path = Icons.xcassets; sourceTree = "<group>"; };
		AF21DDDE20204955006543C1 /* Icon.swift */ = {isa = PBXFileReference; fileEncoding = 4; lastKnownFileType = sourcecode.swift; path = Icon.swift; sourceTree = "<group>"; };
		AF307BB62018148600145C18 /* UIViewControllerExtension.swift */ = {isa = PBXFileReference; lastKnownFileType = sourcecode.swift; path = UIViewControllerExtension.swift; sourceTree = "<group>"; };
		AF307BB8201815D900145C18 /* VerifyPINViewController.storyboard */ = {isa = PBXFileReference; lastKnownFileType = file.storyboard; path = VerifyPINViewController.storyboard; sourceTree = "<group>"; };
		AF337A26201C010E004F8EF0 /* EventDetailViewController.storyboard */ = {isa = PBXFileReference; lastKnownFileType = file.storyboard; path = EventDetailViewController.storyboard; sourceTree = "<group>"; };
		AF397A73201AED68008E6969 /* App-Bridging-Header.h */ = {isa = PBXFileReference; lastKnownFileType = sourcecode.c.h; path = "App-Bridging-Header.h"; sourceTree = "<group>"; };
		AF397A77201AF0E4008E6969 /* EventAnnotationView.swift */ = {isa = PBXFileReference; lastKnownFileType = sourcecode.swift; path = EventAnnotationView.swift; sourceTree = "<group>"; };
		AF49147820252DDC0055A275 /* SettingsViewController.swift */ = {isa = PBXFileReference; lastKnownFileType = sourcecode.swift; path = SettingsViewController.swift; sourceTree = "<group>"; };
		AF49147A20252E0A0055A275 /* SettingsViewController.storyboard */ = {isa = PBXFileReference; lastKnownFileType = file.storyboard; path = SettingsViewController.storyboard; sourceTree = "<group>"; };
		AF6870C4202536D200009451 /* ProvideFeedbackPage.swift */ = {isa = PBXFileReference; lastKnownFileType = sourcecode.swift; path = ProvideFeedbackPage.swift; sourceTree = "<group>"; };
		AF78CC44201AE60B007193CC /* EventAnnotation.swift */ = {isa = PBXFileReference; lastKnownFileType = sourcecode.swift; path = EventAnnotation.swift; sourceTree = "<group>"; };
		AF822B5D2019317300443157 /* MGLCoordinateBounds+GeoBox.swift */ = {isa = PBXFileReference; lastKnownFileType = sourcecode.swift; path = "MGLCoordinateBounds+GeoBox.swift"; sourceTree = "<group>"; };
		AF822B5F2019326300443157 /* NotificationAccessPage.swift */ = {isa = PBXFileReference; lastKnownFileType = sourcecode.swift; path = NotificationAccessPage.swift; sourceTree = "<group>"; };
		AF87E539201D69EA0015CE1C /* SystemConfiguration.framework */ = {isa = PBXFileReference; lastKnownFileType = wrapper.framework; name = SystemConfiguration.framework; path = System/Library/Frameworks/SystemConfiguration.framework; sourceTree = SDKROOT; };
		AF89DEBA201D6AF500866FF9 /* AudioToolbox.framework */ = {isa = PBXFileReference; lastKnownFileType = wrapper.framework; name = AudioToolbox.framework; path = System/Library/Frameworks/AudioToolbox.framework; sourceTree = SDKROOT; };
		AF89DEBC201D6AFA00866FF9 /* libsqlite3.tbd */ = {isa = PBXFileReference; lastKnownFileType = "sourcecode.text-based-dylib-definition"; name = libsqlite3.tbd; path = usr/lib/libsqlite3.tbd; sourceTree = SDKROOT; };
		AF89DEC0201D6AFE00866FF9 /* Core.framework */ = {isa = PBXFileReference; explicitFileType = wrapper.framework; path = Core.framework; sourceTree = BUILT_PRODUCTS_DIR; };
		AF89DEC1201D6AFE00866FF9 /* UI.framework */ = {isa = PBXFileReference; explicitFileType = wrapper.framework; path = UI.framework; sourceTree = BUILT_PRODUCTS_DIR; };
		AF89DEE1201D6D2F00866FF9 /* Mapbox.framework */ = {isa = PBXFileReference; lastKnownFileType = wrapper.framework; path = Mapbox.framework; sourceTree = "<group>"; };
		AF89DEE5201D6D5800866FF9 /* ClusterKit.framework */ = {isa = PBXFileReference; lastKnownFileType = wrapper.framework; path = ClusterKit.framework; sourceTree = "<group>"; };
		AF95B7222022E0C9004D9C7E /* ViewImageViewController.swift */ = {isa = PBXFileReference; lastKnownFileType = sourcecode.swift; path = ViewImageViewController.swift; sourceTree = "<group>"; };
		AF95B7252022E104004D9C7E /* ViewImageViewController.storyboard */ = {isa = PBXFileReference; lastKnownFileType = file.storyboard; path = ViewImageViewController.storyboard; sourceTree = "<group>"; };
		AF9C7C762019B2350040BF13 /* LocationAccessPage.swift */ = {isa = PBXFileReference; lastKnownFileType = sourcecode.swift; path = LocationAccessPage.swift; sourceTree = "<group>"; };
		AF9C7C7A2019C0B70040BF13 /* WalkthroughViewControllerPagingManager.swift */ = {isa = PBXFileReference; lastKnownFileType = sourcecode.swift; path = WalkthroughViewControllerPagingManager.swift; sourceTree = "<group>"; };
		AF9C7C7C2019C1A10040BF13 /* MapViewController.swift */ = {isa = PBXFileReference; lastKnownFileType = sourcecode.swift; name = MapViewController.swift; path = "View Controllers/Map/MapViewController.swift"; sourceTree = SOURCE_ROOT; };
		AF9C7C7E2019C1AD0040BF13 /* MapViewController.storyboard */ = {isa = PBXFileReference; lastKnownFileType = file.storyboard; name = MapViewController.storyboard; path = "View Controllers/Map/MapViewController.storyboard"; sourceTree = SOURCE_ROOT; };
		AF9C7C82201AA74B0040BF13 /* MapViewControllerMapManager.swift */ = {isa = PBXFileReference; lastKnownFileType = sourcecode.swift; name = MapViewControllerMapManager.swift; path = "View Controllers/Map/MapViewControllerMapManager.swift"; sourceTree = SOURCE_ROOT; };
		AFA03D4B2015AF9F0033A87B /* SplashScreenViewController.storyboard */ = {isa = PBXFileReference; lastKnownFileType = file.storyboard; path = SplashScreenViewController.storyboard; sourceTree = "<group>"; };
		AFA825BD20257FBD00CE29BE /* InstabugCore.framework */ = {isa = PBXFileReference; lastKnownFileType = wrapper.framework; path = InstabugCore.framework; sourceTree = "<group>"; };
		AFA825BE20257FBE00CE29BE /* Instabug.framework */ = {isa = PBXFileReference; lastKnownFileType = wrapper.framework; path = Instabug.framework; sourceTree = "<group>"; };
		AFA825C72025824100CE29BE /* Parse.framework */ = {isa = PBXFileReference; lastKnownFileType = wrapper.framework; path = Parse.framework; sourceTree = "<group>"; };
		AFA825C82025824100CE29BE /* SnapKit.framework */ = {isa = PBXFileReference; lastKnownFileType = wrapper.framework; path = SnapKit.framework; sourceTree = "<group>"; };
		AFA825C92025824100CE29BE /* Bolts.framework */ = {isa = PBXFileReference; lastKnownFileType = wrapper.framework; path = Bolts.framework; sourceTree = "<group>"; };
		AFA825CD2025825300CE29BE /* MGLMapView+ClusterKit.m */ = {isa = PBXFileReference; fileEncoding = 4; lastKnownFileType = sourcecode.c.objc; path = "MGLMapView+ClusterKit.m"; sourceTree = "<group>"; };
		AFA825CE2025825300CE29BE /* MGLMapView+ClusterKit.h */ = {isa = PBXFileReference; fileEncoding = 4; lastKnownFileType = sourcecode.c.h; path = "MGLMapView+ClusterKit.h"; sourceTree = "<group>"; };
		AFAD5319201840E500795D69 /* WalkthroughViewController.swift */ = {isa = PBXFileReference; lastKnownFileType = sourcecode.swift; path = WalkthroughViewController.swift; sourceTree = "<group>"; };
		AFAD531B201841C300795D69 /* Map.swift */ = {isa = PBXFileReference; lastKnownFileType = sourcecode.swift; path = Map.swift; sourceTree = "<group>"; };
		AFAD532120184BF500795D69 /* WalkthroughViewController.storyboard */ = {isa = PBXFileReference; lastKnownFileType = file.storyboard; path = WalkthroughViewController.storyboard; sourceTree = "<group>"; };
		AFB309D120251DD200CD0C77 /* App.entitlements */ = {isa = PBXFileReference; lastKnownFileType = text.plist.entitlements; path = App.entitlements; sourceTree = "<group>"; };
		AFBEB4ED201C03CF0025D5EF /* EventDetailViewController.swift */ = {isa = PBXFileReference; lastKnownFileType = sourcecode.swift; path = EventDetailViewController.swift; sourceTree = "<group>"; };
		AFD19E5F202395E900D3BA49 /* ViewProfileViewController.storyboard */ = {isa = PBXFileReference; lastKnownFileType = file.storyboard; path = ViewProfileViewController.storyboard; sourceTree = "<group>"; };
		AFD19E612023962600D3BA49 /* ViewProfileViewController.swift */ = {isa = PBXFileReference; lastKnownFileType = sourcecode.swift; path = ViewProfileViewController.swift; sourceTree = "<group>"; };
		AFD19E632023B1B100D3BA49 /* VisitCell.swift */ = {isa = PBXFileReference; lastKnownFileType = sourcecode.swift; path = VisitCell.swift; sourceTree = "<group>"; };
		AFDF0C7620159C5000B04C8E /* App.app */ = {isa = PBXFileReference; explicitFileType = wrapper.application; includeInIndex = 0; path = App.app; sourceTree = BUILT_PRODUCTS_DIR; };
		AFDF0C7920159C5000B04C8E /* AppDelegate.swift */ = {isa = PBXFileReference; lastKnownFileType = sourcecode.swift; path = AppDelegate.swift; sourceTree = "<group>"; };
		AFDF0C8020159C5100B04C8E /* Colors.xcassets */ = {isa = PBXFileReference; lastKnownFileType = folder.assetcatalog; path = Colors.xcassets; sourceTree = "<group>"; };
		AFDF0C8320159C5100B04C8E /* Base */ = {isa = PBXFileReference; lastKnownFileType = file.storyboard; name = Base; path = Base.lproj/LaunchScreen.storyboard; sourceTree = "<group>"; };
		AFDF0C8520159C5100B04C8E /* Info.plist */ = {isa = PBXFileReference; lastKnownFileType = text.plist.xml; path = Info.plist; sourceTree = "<group>"; };
		AFDF0C8A20159C5100B04C8E /* AppTests.xctest */ = {isa = PBXFileReference; explicitFileType = wrapper.cfbundle; includeInIndex = 0; path = AppTests.xctest; sourceTree = BUILT_PRODUCTS_DIR; };
		AFDF0C9020159C5100B04C8E /* Info.plist */ = {isa = PBXFileReference; lastKnownFileType = text.plist.xml; path = Info.plist; sourceTree = "<group>"; };
		AFDF0C9520159C5100B04C8E /* AppUITests.xctest */ = {isa = PBXFileReference; explicitFileType = wrapper.cfbundle; includeInIndex = 0; path = AppUITests.xctest; sourceTree = BUILT_PRODUCTS_DIR; };
		AFDF0C9B20159C5100B04C8E /* Info.plist */ = {isa = PBXFileReference; lastKnownFileType = text.plist.xml; path = Info.plist; sourceTree = "<group>"; };
		AFEC3A5D2017AC8400375989 /* Strings.swift */ = {isa = PBXFileReference; lastKnownFileType = sourcecode.swift; path = Strings.swift; sourceTree = "<group>"; };
		AFFD986E201BE013006F40FE /* EventClusterAnnotationView.swift */ = {isa = PBXFileReference; lastKnownFileType = sourcecode.swift; path = EventClusterAnnotationView.swift; sourceTree = "<group>"; };
		AFFDD56D2016B73E00FC1058 /* ViewControllerMakeable.swift */ = {isa = PBXFileReference; lastKnownFileType = sourcecode.swift; path = ViewControllerMakeable.swift; sourceTree = "<group>"; };
		AFFDD5742016B80000FC1058 /* SplashScreenViewController.swift */ = {isa = PBXFileReference; lastKnownFileType = sourcecode.swift; path = SplashScreenViewController.swift; sourceTree = "<group>"; };
		AFFDD57C201700D700FC1058 /* UIAlertAction Extension.swift */ = {isa = PBXFileReference; lastKnownFileType = sourcecode.swift; path = "UIAlertAction Extension.swift"; sourceTree = "<group>"; };
/* End PBXFileReference section */

/* Begin PBXFrameworksBuildPhase section */
		AFDF0C7320159C5000B04C8E /* Frameworks */ = {
			isa = PBXFrameworksBuildPhase;
			buildActionMask = 2147483647;
			files = (
				AFA82611202593C500CE29BE /* Core.framework in Frameworks */,
				AFA82612202593C500CE29BE /* UI.framework in Frameworks */,
				AFA8260B2025937000CE29BE /* Instabug.framework in Frameworks */,
				AFA8260C2025937000CE29BE /* InstabugCore.framework in Frameworks */,
				AFA826092025935900CE29BE /* Bolts.framework in Frameworks */,
				AFA8260A2025935900CE29BE /* Parse.framework in Frameworks */,
				AFA82615202593DF00CE29BE /* UI.framework in Frameworks */,
				AF89DEE8201D6D8300866FF9 /* SystemConfiguration.framework in Frameworks */,
				AF89DEE7201D6D7C00866FF9 /* AudioToolbox.framework in Frameworks */,
				AFA82613202593DF00CE29BE /* Core.framework in Frameworks */,
				AF89DEBD201D6AFB00866FF9 /* libsqlite3.tbd in Frameworks */,
				AFA82603202591F700CE29BE /* SnapKit.framework in Frameworks */,
			);
			runOnlyForDeploymentPostprocessing = 0;
		};
		AFDF0C8720159C5100B04C8E /* Frameworks */ = {
			isa = PBXFrameworksBuildPhase;
			buildActionMask = 2147483647;
			files = (
			);
			runOnlyForDeploymentPostprocessing = 0;
		};
		AFDF0C9220159C5100B04C8E /* Frameworks */ = {
			isa = PBXFrameworksBuildPhase;
			buildActionMask = 2147483647;
			files = (
			);
			runOnlyForDeploymentPostprocessing = 0;
		};
/* End PBXFrameworksBuildPhase section */

/* Begin PBXGroup section */
		AF077E382017F7430040D2DE /* VerifyPIN */ = {
			isa = PBXGroup;
			children = (
				AF307BB8201815D900145C18 /* VerifyPINViewController.storyboard */,
				AF077E3A2017F74F0040D2DE /* VerifyPINViewController.swift */,
			);
			path = VerifyPIN;
			sourceTree = "<group>";
		};
		AF232698201713C700A9350E /* Convenience */ = {
			isa = PBXGroup;
			children = (
				AF21DDDE20204955006543C1 /* Icon.swift */,
				AFFDD57C201700D700FC1058 /* UIAlertAction Extension.swift */,
				AF307BB62018148600145C18 /* UIViewControllerExtension.swift */,
				AFFDD56D2016B73E00FC1058 /* ViewControllerMakeable.swift */,
			);
			path = Convenience;
			sourceTree = "<group>";
		};
		AF49147720252DC10055A275 /* Settings */ = {
			isa = PBXGroup;
			children = (
				AF49147A20252E0A0055A275 /* SettingsViewController.storyboard */,
				AF49147820252DDC0055A275 /* SettingsViewController.swift */,
			);
			path = Settings;
			sourceTree = "<group>";
		};
		AF78CC41201AE5E3007193CC /* Map Utilities */ = {
			isa = PBXGroup;
			children = (
				AF78CC44201AE60B007193CC /* EventAnnotation.swift */,
				AF397A77201AF0E4008E6969 /* EventAnnotationView.swift */,
				AFFD986E201BE013006F40FE /* EventClusterAnnotationView.swift */,
				AFAD531B201841C300795D69 /* Map.swift */,
				AF822B5D2019317300443157 /* MGLCoordinateBounds+GeoBox.swift */,
			);
			path = "Map Utilities";
			sourceTree = "<group>";
		};
		AF822B5820192CAB00443157 /* Pages */ = {
			isa = PBXGroup;
			children = (
				AF822B5F2019326300443157 /* NotificationAccessPage.swift */,
				AF9C7C762019B2350040BF13 /* LocationAccessPage.swift */,
				AF6870C4202536D200009451 /* ProvideFeedbackPage.swift */,
			);
			path = Pages;
			sourceTree = "<group>";
		};
		AF87E538201D69EA0015CE1C /* Frameworks */ = {
			isa = PBXGroup;
			children = (
				AFA825C92025824100CE29BE /* Bolts.framework */,
				AFA825C72025824100CE29BE /* Parse.framework */,
				AFA825C82025824100CE29BE /* SnapKit.framework */,
				AFA825BE20257FBE00CE29BE /* Instabug.framework */,
				AFA825BD20257FBD00CE29BE /* InstabugCore.framework */,
				AF89DEE5201D6D5800866FF9 /* ClusterKit.framework */,
				AF89DEE1201D6D2F00866FF9 /* Mapbox.framework */,
				AF89DEC0201D6AFE00866FF9 /* Core.framework */,
				AF89DEC1201D6AFE00866FF9 /* UI.framework */,
				AF89DEBC201D6AFA00866FF9 /* libsqlite3.tbd */,
				AF955097201D877000A91486 /* MGLMapView+ClusterKit */,
				AF89DEBA201D6AF500866FF9 /* AudioToolbox.framework */,
				AF87E539201D69EA0015CE1C /* SystemConfiguration.framework */,
			);
			name = Frameworks;
			path = ../Frameworks;
			sourceTree = "<group>";
		};
		AF955097201D877000A91486 /* MGLMapView+ClusterKit */ = {
			isa = PBXGroup;
			children = (
				AFA825CE2025825300CE29BE /* MGLMapView+ClusterKit.h */,
				AFA825CD2025825300CE29BE /* MGLMapView+ClusterKit.m */,
			);
			path = "MGLMapView+ClusterKit";
			sourceTree = "<group>";
		};
		AF95B7242022E0E9004D9C7E /* ViewImage */ = {
			isa = PBXGroup;
			children = (
				AF95B7252022E104004D9C7E /* ViewImageViewController.storyboard */,
				AF95B7222022E0C9004D9C7E /* ViewImageViewController.swift */,
			);
			path = ViewImage;
			sourceTree = "<group>";
		};
		AF9C7C792019C0560040BF13 /* Map */ = {
			isa = PBXGroup;
			children = (
				AF9C7C7E2019C1AD0040BF13 /* MapViewController.storyboard */,
				AF9C7C7C2019C1A10040BF13 /* MapViewController.swift */,
				AF9C7C82201AA74B0040BF13 /* MapViewControllerMapManager.swift */,
			);
			path = Map;
			sourceTree = "<group>";
		};
		AFA03D4A2015AF880033A87B /* SplashScreen */ = {
			isa = PBXGroup;
			children = (
				AFA03D4B2015AF9F0033A87B /* SplashScreenViewController.storyboard */,
				AFFDD5742016B80000FC1058 /* SplashScreenViewController.swift */,
			);
			path = SplashScreen;
			sourceTree = "<group>";
		};
		AFAD5318201840D500795D69 /* Walkthrough */ = {
			isa = PBXGroup;
			children = (
				AFAD532120184BF500795D69 /* WalkthroughViewController.storyboard */,
				AFAD5319201840E500795D69 /* WalkthroughViewController.swift */,
				AF9C7C7A2019C0B70040BF13 /* WalkthroughViewControllerPagingManager.swift */,
				AF822B5820192CAB00443157 /* Pages */,
			);
			path = Walkthrough;
			sourceTree = "<group>";
		};
		AFBF6F89201BFCBF00319440 /* EventDetail */ = {
			isa = PBXGroup;
			children = (
				AF337A26201C010E004F8EF0 /* EventDetailViewController.storyboard */,
				AFBEB4ED201C03CF0025D5EF /* EventDetailViewController.swift */,
			);
			path = EventDetail;
			sourceTree = "<group>";
		};
		AFD19E5E202395CD00D3BA49 /* ViewProfile */ = {
			isa = PBXGroup;
			children = (
				AFD19E5F202395E900D3BA49 /* ViewProfileViewController.storyboard */,
				AFD19E612023962600D3BA49 /* ViewProfileViewController.swift */,
				AFD19E632023B1B100D3BA49 /* VisitCell.swift */,
			);
			path = ViewProfile;
			sourceTree = "<group>";
		};
		AFDF0C6D20159C5000B04C8E = {
			isa = PBXGroup;
			children = (
				AFDF0CA82015AB8600B04C8E /* Sources */,
				AFDF0CA72015AB7900B04C8E /* View Controllers */,
				AFDF0C7820159C5000B04C8E /* Resources */,
				AFDF0C8D20159C5100B04C8E /* Tests */,
				AFDF0C9820159C5100B04C8E /* UI Tests */,
				AFDF0C7720159C5000B04C8E /* Products */,
				AF87E538201D69EA0015CE1C /* Frameworks */,
			);
			sourceTree = "<group>";
		};
		AFDF0C7720159C5000B04C8E /* Products */ = {
			isa = PBXGroup;
			children = (
				AFDF0C7620159C5000B04C8E /* App.app */,
				AFDF0C8A20159C5100B04C8E /* AppTests.xctest */,
				AFDF0C9520159C5100B04C8E /* AppUITests.xctest */,
			);
			name = Products;
			sourceTree = "<group>";
		};
		AFDF0C7820159C5000B04C8E /* Resources */ = {
			isa = PBXGroup;
			children = (
				AFB309D120251DD200CD0C77 /* App.entitlements */,
				AF397A73201AED68008E6969 /* App-Bridging-Header.h */,
				AFDF0C8020159C5100B04C8E /* Colors.xcassets */,
				AF21DDDC2020494B006543C1 /* Icons.xcassets */,
				AFDF0C8220159C5100B04C8E /* LaunchScreen.storyboard */,
				AFDF0C8520159C5100B04C8E /* Info.plist */,
			);
			path = Resources;
			sourceTree = "<group>";
		};
		AFDF0C8D20159C5100B04C8E /* Tests */ = {
			isa = PBXGroup;
			children = (
				AFDF0C9020159C5100B04C8E /* Info.plist */,
			);
			path = Tests;
			sourceTree = "<group>";
		};
		AFDF0C9820159C5100B04C8E /* UI Tests */ = {
			isa = PBXGroup;
			children = (
				AFDF0C9B20159C5100B04C8E /* Info.plist */,
			);
			path = "UI Tests";
			sourceTree = "<group>";
		};
		AFDF0CA72015AB7900B04C8E /* View Controllers */ = {
			isa = PBXGroup;
			children = (
				AFA03D4A2015AF880033A87B /* SplashScreen */,
				AF077E382017F7430040D2DE /* VerifyPIN */,
				AFAD5318201840D500795D69 /* Walkthrough */,
				AF9C7C792019C0560040BF13 /* Map */,
				AFBF6F89201BFCBF00319440 /* EventDetail */,
				AF95B7242022E0E9004D9C7E /* ViewImage */,
				AFD19E5E202395CD00D3BA49 /* ViewProfile */,
				AF49147720252DC10055A275 /* Settings */,
			);
			path = "View Controllers";
			sourceTree = "<group>";
		};
		AFDF0CA82015AB8600B04C8E /* Sources */ = {
			isa = PBXGroup;
			children = (
				AFDF0C7920159C5000B04C8E /* AppDelegate.swift */,
				AF78CC41201AE5E3007193CC /* Map Utilities */,
				AFEC3A5D2017AC8400375989 /* Strings.swift */,
				AF232698201713C700A9350E /* Convenience */,
			);
			path = Sources;
			sourceTree = "<group>";
		};
/* End PBXGroup section */

/* Begin PBXNativeTarget section */
		AFDF0C7520159C5000B04C8E /* App */ = {
			isa = PBXNativeTarget;
			buildConfigurationList = AFDF0C9E20159C5100B04C8E /* Build configuration list for PBXNativeTarget "App" */;
			buildPhases = (
				AFDF0C7220159C5000B04C8E /* Sources */,
				AFDF0C7320159C5000B04C8E /* Frameworks */,
				AFDF0C7420159C5000B04C8E /* Resources */,
				AFDF0CB22015AC4100B04C8E /* Embed Frameworks */,
				AF307BCC2018395800145C18 /* ShellScript */,
				AFA825DA2025884500CE29BE /* ShellScript */,
				AF307BCD2018397700145C18 /* ShellScript */,
			);
			buildRules = (
			);
			dependencies = (
			);
			name = App;
			productName = App;
			productReference = AFDF0C7620159C5000B04C8E /* App.app */;
			productType = "com.apple.product-type.application";
		};
		AFDF0C8920159C5100B04C8E /* AppTests */ = {
			isa = PBXNativeTarget;
			buildConfigurationList = AFDF0CA120159C5100B04C8E /* Build configuration list for PBXNativeTarget "AppTests" */;
			buildPhases = (
				AFDF0C8620159C5100B04C8E /* Sources */,
				AFDF0C8720159C5100B04C8E /* Frameworks */,
				AFDF0C8820159C5100B04C8E /* Resources */,
			);
			buildRules = (
			);
			dependencies = (
				AFDF0C8C20159C5100B04C8E /* PBXTargetDependency */,
			);
			name = AppTests;
			productName = AppTests;
			productReference = AFDF0C8A20159C5100B04C8E /* AppTests.xctest */;
			productType = "com.apple.product-type.bundle.unit-test";
		};
		AFDF0C9420159C5100B04C8E /* AppUITests */ = {
			isa = PBXNativeTarget;
			buildConfigurationList = AFDF0CA420159C5100B04C8E /* Build configuration list for PBXNativeTarget "AppUITests" */;
			buildPhases = (
				AFDF0C9120159C5100B04C8E /* Sources */,
				AFDF0C9220159C5100B04C8E /* Frameworks */,
				AFDF0C9320159C5100B04C8E /* Resources */,
			);
			buildRules = (
			);
			dependencies = (
				AFDF0C9720159C5100B04C8E /* PBXTargetDependency */,
			);
			name = AppUITests;
			productName = AppUITests;
			productReference = AFDF0C9520159C5100B04C8E /* AppUITests.xctest */;
			productType = "com.apple.product-type.bundle.ui-testing";
		};
/* End PBXNativeTarget section */

/* Begin PBXProject section */
		AFDF0C6E20159C5000B04C8E /* Project object */ = {
			isa = PBXProject;
			attributes = {
				LastSwiftUpdateCheck = 0920;
				LastUpgradeCheck = 0920;
				ORGANIZATIONNAME = "Pranjal Satija";
				TargetAttributes = {
					AFDF0C7520159C5000B04C8E = {
						CreatedOnToolsVersion = 9.2;
						LastSwiftMigration = 0920;
						ProvisioningStyle = Automatic;
						SystemCapabilities = {
							com.apple.Push = {
								enabled = 1;
							};
							com.apple.SafariKeychain = {
								enabled = 1;
							};
						};
					};
					AFDF0C8920159C5100B04C8E = {
						CreatedOnToolsVersion = 9.2;
						ProvisioningStyle = Automatic;
						TestTargetID = AFDF0C7520159C5000B04C8E;
					};
					AFDF0C9420159C5100B04C8E = {
						CreatedOnToolsVersion = 9.2;
						ProvisioningStyle = Automatic;
						TestTargetID = AFDF0C7520159C5000B04C8E;
					};
				};
			};
			buildConfigurationList = AFDF0C7120159C5000B04C8E /* Build configuration list for PBXProject "App" */;
			compatibilityVersion = "Xcode 8.0";
			developmentRegion = en;
			hasScannedForEncodings = 0;
			knownRegions = (
				en,
				Base,
			);
			mainGroup = AFDF0C6D20159C5000B04C8E;
			productRefGroup = AFDF0C7720159C5000B04C8E /* Products */;
			projectDirPath = "";
			projectRoot = "";
			targets = (
				AFDF0C7520159C5000B04C8E /* App */,
				AFDF0C8920159C5100B04C8E /* AppTests */,
				AFDF0C9420159C5100B04C8E /* AppUITests */,
			);
		};
/* End PBXProject section */

/* Begin PBXResourcesBuildPhase section */
		AFDF0C7420159C5000B04C8E /* Resources */ = {
			isa = PBXResourcesBuildPhase;
			buildActionMask = 2147483647;
			files = (
				AF21DDDD2020494B006543C1 /* Icons.xcassets in Resources */,
				AF49147B20252E0A0055A275 /* SettingsViewController.storyboard in Resources */,
				AFDF0C8120159C5100B04C8E /* Colors.xcassets in Resources */,
				AFD19E60202395E900D3BA49 /* ViewProfileViewController.storyboard in Resources */,
				AFA03D4C2015AF9F0033A87B /* SplashScreenViewController.storyboard in Resources */,
				AF307BB9201815D900145C18 /* VerifyPINViewController.storyboard in Resources */,
				AF95B7262022E104004D9C7E /* ViewImageViewController.storyboard in Resources */,
				AFDF0C8420159C5100B04C8E /* LaunchScreen.storyboard in Resources */,
				AFAD532220184BF500795D69 /* WalkthroughViewController.storyboard in Resources */,
				AF9C7C7F2019C1AD0040BF13 /* MapViewController.storyboard in Resources */,
				AF337A27201C010E004F8EF0 /* EventDetailViewController.storyboard in Resources */,
			);
			runOnlyForDeploymentPostprocessing = 0;
		};
		AFDF0C8820159C5100B04C8E /* Resources */ = {
			isa = PBXResourcesBuildPhase;
			buildActionMask = 2147483647;
			files = (
			);
			runOnlyForDeploymentPostprocessing = 0;
		};
		AFDF0C9320159C5100B04C8E /* Resources */ = {
			isa = PBXResourcesBuildPhase;
			buildActionMask = 2147483647;
			files = (
			);
			runOnlyForDeploymentPostprocessing = 0;
		};
/* End PBXResourcesBuildPhase section */

/* Begin PBXShellScriptBuildPhase section */
		AF307BCC2018395800145C18 /* ShellScript */ = {
			isa = PBXShellScriptBuildPhase;
			buildActionMask = 2147483647;
			files = (
			);
			inputPaths = (
			);
			outputPaths = (
			);
			runOnlyForDeploymentPostprocessing = 0;
			shellPath = /bin/sh;
			shellScript = "bash \"${BUILT_PRODUCTS_DIR}/${FRAMEWORKS_FOLDER_PATH}/Mapbox.framework/strip-frameworks.sh\"";
		};
		AF307BCD2018397700145C18 /* ShellScript */ = {
			isa = PBXShellScriptBuildPhase;
			buildActionMask = 2147483647;
			files = (
			);
			inputPaths = (
			);
			outputPaths = (
			);
			runOnlyForDeploymentPostprocessing = 0;
			shellPath = /bin/sh;
			shellScript = "if which swiftlint >/dev/null; then\n    swiftlint\nelse\n    echo \"warning: SwiftLint not installed, download from https://github.com/realm/SwiftLint\"\nfi";
		};
		AFA825DA2025884500CE29BE /* ShellScript */ = {
			isa = PBXShellScriptBuildPhase;
			buildActionMask = 2147483647;
			files = (
			);
			inputPaths = (
			);
			outputPaths = (
			);
			runOnlyForDeploymentPostprocessing = 0;
			shellPath = /bin/sh;
			shellScript = "bash \"../Frameworks/InstabugCore.framework/strip-frameworks.sh\"";
		};
/* End PBXShellScriptBuildPhase section */

/* Begin PBXSourcesBuildPhase section */
		AFDF0C7220159C5000B04C8E /* Sources */ = {
			isa = PBXSourcesBuildPhase;
			buildActionMask = 2147483647;
			files = (
				AFFDD5752016B80000FC1058 /* SplashScreenViewController.swift in Sources */,
				AFD19E642023B1B100D3BA49 /* VisitCell.swift in Sources */,
				AFEC3A5E2017AC8400375989 /* Strings.swift in Sources */,
				AFDF0C7A20159C5000B04C8E /* AppDelegate.swift in Sources */,
				AFAD531A201840E500795D69 /* WalkthroughViewController.swift in Sources */,
				AF6870C5202536D200009451 /* ProvideFeedbackPage.swift in Sources */,
				AF9C7C83201AA74B0040BF13 /* MapViewControllerMapManager.swift in Sources */,
				AF077E3B2017F74F0040D2DE /* VerifyPINViewController.swift in Sources */,
				AF9C7C7D2019C1A10040BF13 /* MapViewController.swift in Sources */,
				AF49147920252DDC0055A275 /* SettingsViewController.swift in Sources */,
				AFD19E622023962600D3BA49 /* ViewProfileViewController.swift in Sources */,
				AF9C7C7B2019C0B70040BF13 /* WalkthroughViewControllerPagingManager.swift in Sources */,
				AFFDD57D201700D700FC1058 /* UIAlertAction Extension.swift in Sources */,
				AF21DDDF20204955006543C1 /* Icon.swift in Sources */,
				AFFD986F201BE013006F40FE /* EventClusterAnnotationView.swift in Sources */,
				AFFDD56E2016B73E00FC1058 /* ViewControllerMakeable.swift in Sources */,
				AF822B5E2019317300443157 /* MGLCoordinateBounds+GeoBox.swift in Sources */,
				AF397A78201AF0E4008E6969 /* EventAnnotationView.swift in Sources */,
				AFA825CF2025825300CE29BE /* MGLMapView+ClusterKit.m in Sources */,
				AFAD531C201841C300795D69 /* Map.swift in Sources */,
				AF307BB72018148600145C18 /* UIViewControllerExtension.swift in Sources */,
				AF78CC45201AE60B007193CC /* EventAnnotation.swift in Sources */,
				AF822B602019326300443157 /* NotificationAccessPage.swift in Sources */,
				AF95B7232022E0C9004D9C7E /* ViewImageViewController.swift in Sources */,
				AF9C7C772019B2350040BF13 /* LocationAccessPage.swift in Sources */,
				AFBEB4EE201C03CF0025D5EF /* EventDetailViewController.swift in Sources */,
			);
			runOnlyForDeploymentPostprocessing = 0;
		};
		AFDF0C8620159C5100B04C8E /* Sources */ = {
			isa = PBXSourcesBuildPhase;
			buildActionMask = 2147483647;
			files = (
			);
			runOnlyForDeploymentPostprocessing = 0;
		};
		AFDF0C9120159C5100B04C8E /* Sources */ = {
			isa = PBXSourcesBuildPhase;
			buildActionMask = 2147483647;
			files = (
			);
			runOnlyForDeploymentPostprocessing = 0;
		};
/* End PBXSourcesBuildPhase section */

/* Begin PBXTargetDependency section */
		AFDF0C8C20159C5100B04C8E /* PBXTargetDependency */ = {
			isa = PBXTargetDependency;
			target = AFDF0C7520159C5000B04C8E /* App */;
			targetProxy = AFDF0C8B20159C5100B04C8E /* PBXContainerItemProxy */;
		};
		AFDF0C9720159C5100B04C8E /* PBXTargetDependency */ = {
			isa = PBXTargetDependency;
			target = AFDF0C7520159C5000B04C8E /* App */;
			targetProxy = AFDF0C9620159C5100B04C8E /* PBXContainerItemProxy */;
		};
/* End PBXTargetDependency section */

/* Begin PBXVariantGroup section */
		AFDF0C8220159C5100B04C8E /* LaunchScreen.storyboard */ = {
			isa = PBXVariantGroup;
			children = (
				AFDF0C8320159C5100B04C8E /* Base */,
			);
			name = LaunchScreen.storyboard;
			sourceTree = "<group>";
		};
/* End PBXVariantGroup section */

/* Begin XCBuildConfiguration section */
		AFDF0C9C20159C5100B04C8E /* Debug */ = {
			isa = XCBuildConfiguration;
			buildSettings = {
				ALWAYS_EMBED_SWIFT_STANDARD_LIBRARIES = YES;
				ALWAYS_SEARCH_USER_PATHS = NO;
				CLANG_ANALYZER_NONNULL = YES;
				CLANG_ANALYZER_NUMBER_OBJECT_CONVERSION = YES_AGGRESSIVE;
				CLANG_CXX_LANGUAGE_STANDARD = "gnu++14";
				CLANG_CXX_LIBRARY = "libc++";
				CLANG_ENABLE_MODULES = YES;
				CLANG_ENABLE_OBJC_ARC = YES;
				CLANG_WARN_BLOCK_CAPTURE_AUTORELEASING = YES;
				CLANG_WARN_BOOL_CONVERSION = YES;
				CLANG_WARN_COMMA = YES;
				CLANG_WARN_CONSTANT_CONVERSION = YES;
				CLANG_WARN_DIRECT_OBJC_ISA_USAGE = YES_ERROR;
				CLANG_WARN_DOCUMENTATION_COMMENTS = YES;
				CLANG_WARN_EMPTY_BODY = YES;
				CLANG_WARN_ENUM_CONVERSION = YES;
				CLANG_WARN_INFINITE_RECURSION = YES;
				CLANG_WARN_INT_CONVERSION = YES;
				CLANG_WARN_NON_LITERAL_NULL_CONVERSION = YES;
				CLANG_WARN_OBJC_LITERAL_CONVERSION = YES;
				CLANG_WARN_OBJC_ROOT_CLASS = YES_ERROR;
				CLANG_WARN_RANGE_LOOP_ANALYSIS = YES;
				CLANG_WARN_STRICT_PROTOTYPES = YES;
				CLANG_WARN_SUSPICIOUS_MOVE = YES;
				CLANG_WARN_UNGUARDED_AVAILABILITY = YES_AGGRESSIVE;
				CLANG_WARN_UNREACHABLE_CODE = YES;
				CLANG_WARN__DUPLICATE_METHOD_MATCH = YES;
				CODE_SIGN_IDENTITY = "iPhone Developer";
				COPY_PHASE_STRIP = NO;
				DEBUG_INFORMATION_FORMAT = dwarf;
				ENABLE_STRICT_OBJC_MSGSEND = YES;
				ENABLE_TESTABILITY = YES;
				GCC_C_LANGUAGE_STANDARD = gnu11;
				GCC_DYNAMIC_NO_PIC = NO;
				GCC_NO_COMMON_BLOCKS = YES;
				GCC_OPTIMIZATION_LEVEL = 0;
				GCC_PREPROCESSOR_DEFINITIONS = (
					"DEBUG=1",
					"$(inherited)",
				);
				GCC_WARN_64_TO_32_BIT_CONVERSION = YES;
				GCC_WARN_ABOUT_RETURN_TYPE = YES_ERROR;
				GCC_WARN_UNDECLARED_SELECTOR = YES;
				GCC_WARN_UNINITIALIZED_AUTOS = YES_AGGRESSIVE;
				GCC_WARN_UNUSED_FUNCTION = YES;
				GCC_WARN_UNUSED_VARIABLE = YES;
				IPHONEOS_DEPLOYMENT_TARGET = 11.2;
				MTL_ENABLE_DEBUG_INFO = YES;
				ONLY_ACTIVE_ARCH = YES;
				SDKROOT = iphoneos;
				SWIFT_ACTIVE_COMPILATION_CONDITIONS = DEBUG;
				SWIFT_OPTIMIZATION_LEVEL = "-Onone";
			};
			name = Debug;
		};
		AFDF0C9D20159C5100B04C8E /* Release */ = {
			isa = XCBuildConfiguration;
			buildSettings = {
				ALWAYS_EMBED_SWIFT_STANDARD_LIBRARIES = YES;
				ALWAYS_SEARCH_USER_PATHS = NO;
				CLANG_ANALYZER_NONNULL = YES;
				CLANG_ANALYZER_NUMBER_OBJECT_CONVERSION = YES_AGGRESSIVE;
				CLANG_CXX_LANGUAGE_STANDARD = "gnu++14";
				CLANG_CXX_LIBRARY = "libc++";
				CLANG_ENABLE_MODULES = YES;
				CLANG_ENABLE_OBJC_ARC = YES;
				CLANG_WARN_BLOCK_CAPTURE_AUTORELEASING = YES;
				CLANG_WARN_BOOL_CONVERSION = YES;
				CLANG_WARN_COMMA = YES;
				CLANG_WARN_CONSTANT_CONVERSION = YES;
				CLANG_WARN_DIRECT_OBJC_ISA_USAGE = YES_ERROR;
				CLANG_WARN_DOCUMENTATION_COMMENTS = YES;
				CLANG_WARN_EMPTY_BODY = YES;
				CLANG_WARN_ENUM_CONVERSION = YES;
				CLANG_WARN_INFINITE_RECURSION = YES;
				CLANG_WARN_INT_CONVERSION = YES;
				CLANG_WARN_NON_LITERAL_NULL_CONVERSION = YES;
				CLANG_WARN_OBJC_LITERAL_CONVERSION = YES;
				CLANG_WARN_OBJC_ROOT_CLASS = YES_ERROR;
				CLANG_WARN_RANGE_LOOP_ANALYSIS = YES;
				CLANG_WARN_STRICT_PROTOTYPES = YES;
				CLANG_WARN_SUSPICIOUS_MOVE = YES;
				CLANG_WARN_UNGUARDED_AVAILABILITY = YES_AGGRESSIVE;
				CLANG_WARN_UNREACHABLE_CODE = YES;
				CLANG_WARN__DUPLICATE_METHOD_MATCH = YES;
				CODE_SIGN_IDENTITY = "iPhone Developer";
				COPY_PHASE_STRIP = NO;
				DEBUG_INFORMATION_FORMAT = "dwarf-with-dsym";
				ENABLE_NS_ASSERTIONS = NO;
				ENABLE_STRICT_OBJC_MSGSEND = YES;
				GCC_C_LANGUAGE_STANDARD = gnu11;
				GCC_NO_COMMON_BLOCKS = YES;
				GCC_WARN_64_TO_32_BIT_CONVERSION = YES;
				GCC_WARN_ABOUT_RETURN_TYPE = YES_ERROR;
				GCC_WARN_UNDECLARED_SELECTOR = YES;
				GCC_WARN_UNINITIALIZED_AUTOS = YES_AGGRESSIVE;
				GCC_WARN_UNUSED_FUNCTION = YES;
				GCC_WARN_UNUSED_VARIABLE = YES;
				IPHONEOS_DEPLOYMENT_TARGET = 11.2;
				MTL_ENABLE_DEBUG_INFO = NO;
				SDKROOT = iphoneos;
				SWIFT_OPTIMIZATION_LEVEL = "-Owholemodule";
				VALIDATE_PRODUCT = YES;
			};
			name = Release;
		};
		AFDF0C9F20159C5100B04C8E /* Debug */ = {
			isa = XCBuildConfiguration;
			buildSettings = {
				ASSETCATALOG_COMPILER_APPICON_NAME = AppIcon;
				CLANG_ENABLE_MODULES = YES;
				CODE_SIGN_ENTITLEMENTS = Resources/App.entitlements;
				CODE_SIGN_STYLE = Automatic;
				CURRENT_PROJECT_VERSION = 1;
				DEVELOPMENT_TEAM = MXGFXQ4GNJ;
				FRAMEWORK_SEARCH_PATHS = ../Frameworks;
				INFOPLIST_FILE = Resources/Info.plist;
				LD_RUNPATH_SEARCH_PATHS = "$(inherited) @executable_path/Frameworks";
				LIBRARY_SEARCH_PATHS = "$(inherited)";
				OTHER_LDFLAGS = "";
				PRODUCT_BUNDLE_IDENTIFIER = com.events.mark.App;
				PRODUCT_NAME = "$(TARGET_NAME)";
				SWIFT_OBJC_BRIDGING_HEADER = "Resources/App-Bridging-Header.h";
				SWIFT_OPTIMIZATION_LEVEL = "-Onone";
				SWIFT_VERSION = 4.0;
				TARGETED_DEVICE_FAMILY = 1;
				VERSIONING_SYSTEM = "apple-generic";
			};
			name = Debug;
		};
		AFDF0CA020159C5100B04C8E /* Release */ = {
			isa = XCBuildConfiguration;
			buildSettings = {
				ASSETCATALOG_COMPILER_APPICON_NAME = AppIcon;
				CLANG_ENABLE_MODULES = YES;
				CODE_SIGN_ENTITLEMENTS = Resources/App.entitlements;
				CODE_SIGN_STYLE = Automatic;
				CURRENT_PROJECT_VERSION = 1;
				DEVELOPMENT_TEAM = MXGFXQ4GNJ;
				FRAMEWORK_SEARCH_PATHS = ../Frameworks;
				INFOPLIST_FILE = Resources/Info.plist;
				LD_RUNPATH_SEARCH_PATHS = "$(inherited) @executable_path/Frameworks";
				LIBRARY_SEARCH_PATHS = "$(inherited)";
				OTHER_LDFLAGS = "";
				PRODUCT_BUNDLE_IDENTIFIER = com.events.mark.App;
				PRODUCT_NAME = "$(TARGET_NAME)";
				SWIFT_OBJC_BRIDGING_HEADER = "Resources/App-Bridging-Header.h";
				SWIFT_VERSION = 4.0;
				TARGETED_DEVICE_FAMILY = 1;
				VERSIONING_SYSTEM = "apple-generic";
			};
			name = Release;
		};
		AFDF0CA220159C5100B04C8E /* Debug */ = {
			isa = XCBuildConfiguration;
			buildSettings = {
				ALWAYS_EMBED_SWIFT_STANDARD_LIBRARIES = YES;
				BUNDLE_LOADER = "$(TEST_HOST)";
				CODE_SIGN_STYLE = Automatic;
				DEVELOPMENT_TEAM = X872NB7KGG;
				INFOPLIST_FILE = Tests/Info.plist;
				LD_RUNPATH_SEARCH_PATHS = "$(inherited) @executable_path/Frameworks @loader_path/Frameworks";
				PRODUCT_BUNDLE_IDENTIFIER = events.mark.AppTests;
				PRODUCT_NAME = "$(TARGET_NAME)";
				SWIFT_VERSION = 4.0;
				TARGETED_DEVICE_FAMILY = "1,2";
				TEST_HOST = "$(BUILT_PRODUCTS_DIR)/App.app/App";
			};
			name = Debug;
		};
		AFDF0CA320159C5100B04C8E /* Release */ = {
			isa = XCBuildConfiguration;
			buildSettings = {
				ALWAYS_EMBED_SWIFT_STANDARD_LIBRARIES = YES;
				BUNDLE_LOADER = "$(TEST_HOST)";
				CODE_SIGN_STYLE = Automatic;
				DEVELOPMENT_TEAM = X872NB7KGG;
				INFOPLIST_FILE = Tests/Info.plist;
				LD_RUNPATH_SEARCH_PATHS = "$(inherited) @executable_path/Frameworks @loader_path/Frameworks";
				PRODUCT_BUNDLE_IDENTIFIER = events.mark.AppTests;
				PRODUCT_NAME = "$(TARGET_NAME)";
				SWIFT_VERSION = 4.0;
				TARGETED_DEVICE_FAMILY = "1,2";
				TEST_HOST = "$(BUILT_PRODUCTS_DIR)/App.app/App";
			};
			name = Release;
		};
		AFDF0CA520159C5100B04C8E /* Debug */ = {
			isa = XCBuildConfiguration;
			buildSettings = {
				ALWAYS_EMBED_SWIFT_STANDARD_LIBRARIES = YES;
				CODE_SIGN_STYLE = Automatic;
				DEVELOPMENT_TEAM = X872NB7KGG;
				INFOPLIST_FILE = "UI Tests/Info.plist";
				LD_RUNPATH_SEARCH_PATHS = "$(inherited) @executable_path/Frameworks @loader_path/Frameworks";
				PRODUCT_BUNDLE_IDENTIFIER = events.mark.AppUITests;
				PRODUCT_NAME = "$(TARGET_NAME)";
				SWIFT_VERSION = 4.0;
				TARGETED_DEVICE_FAMILY = "1,2";
				TEST_TARGET_NAME = App;
			};
			name = Debug;
		};
		AFDF0CA620159C5100B04C8E /* Release */ = {
			isa = XCBuildConfiguration;
			buildSettings = {
				ALWAYS_EMBED_SWIFT_STANDARD_LIBRARIES = YES;
				CODE_SIGN_STYLE = Automatic;
				DEVELOPMENT_TEAM = X872NB7KGG;
				INFOPLIST_FILE = "UI Tests/Info.plist";
				LD_RUNPATH_SEARCH_PATHS = "$(inherited) @executable_path/Frameworks @loader_path/Frameworks";
				PRODUCT_BUNDLE_IDENTIFIER = events.mark.AppUITests;
				PRODUCT_NAME = "$(TARGET_NAME)";
				SWIFT_VERSION = 4.0;
				TARGETED_DEVICE_FAMILY = "1,2";
				TEST_TARGET_NAME = App;
			};
			name = Release;
		};
/* End XCBuildConfiguration section */

/* Begin XCConfigurationList section */
		AFDF0C7120159C5000B04C8E /* Build configuration list for PBXProject "App" */ = {
			isa = XCConfigurationList;
			buildConfigurations = (
				AFDF0C9C20159C5100B04C8E /* Debug */,
				AFDF0C9D20159C5100B04C8E /* Release */,
			);
			defaultConfigurationIsVisible = 0;
			defaultConfigurationName = Release;
		};
		AFDF0C9E20159C5100B04C8E /* Build configuration list for PBXNativeTarget "App" */ = {
			isa = XCConfigurationList;
			buildConfigurations = (
				AFDF0C9F20159C5100B04C8E /* Debug */,
				AFDF0CA020159C5100B04C8E /* Release */,
			);
			defaultConfigurationIsVisible = 0;
			defaultConfigurationName = Release;
		};
		AFDF0CA120159C5100B04C8E /* Build configuration list for PBXNativeTarget "AppTests" */ = {
			isa = XCConfigurationList;
			buildConfigurations = (
				AFDF0CA220159C5100B04C8E /* Debug */,
				AFDF0CA320159C5100B04C8E /* Release */,
			);
			defaultConfigurationIsVisible = 0;
			defaultConfigurationName = Release;
		};
		AFDF0CA420159C5100B04C8E /* Build configuration list for PBXNativeTarget "AppUITests" */ = {
			isa = XCConfigurationList;
			buildConfigurations = (
				AFDF0CA520159C5100B04C8E /* Debug */,
				AFDF0CA620159C5100B04C8E /* Release */,
			);
			defaultConfigurationIsVisible = 0;
			defaultConfigurationName = Release;
		};
/* End XCConfigurationList section */
	};
	rootObject = AFDF0C6E20159C5000B04C8E /* Project object */;
}
